
Microsoft Visual Studio Solution File, Format Version 12.00
# Visual Studio 15
VisualStudioVersion = 15.0.28307.271
MinimumVisualStudioVersion = 10.0.40219.1
Project("{9A19103F-16F7-4668-BE54-9A1E7A4F7556}") = "CAP.Web", "CAP.Web\CAP.Web.csproj", "{892ECDCD-813D-4087-89D0-7EC22CC5217A}"
EndProject
Project("{2150E333-8FDC-42A3-9474-1A3956D46DE8}") = "elk", "elk", "{3E6915E3-2E78-432D-9FD9-E653FC1256E4}"
EndProject
Project("{2150E333-8FDC-42A3-9474-1A3956D46DE8}") = "cap", "cap", "{C032714D-6F90-405B-8F3B-B47848B888EA}"
EndProject
Project("{9A19103F-16F7-4668-BE54-9A1E7A4F7556}") = "ELK2.Web", "ELK2.Web\ELK2.Web.csproj", "{2042D4A3-4487-47AB-BE7D-8FE5E8E1C03C}"
EndProject
Project("{9A19103F-16F7-4668-BE54-9A1E7A4F7556}") = "ELK1.Web", "ELK1.Web\ELK1.Web.csproj", "{EA40BF1B-6041-415D-890B-4F02135E5C13}"
EndProject
Project("{2150E333-8FDC-42A3-9474-1A3956D46DE8}") = "test", "test", "{A159DABE-85E8-4D9B-A6C6-2F11F819DCEB}"
EndProject
Project("{2150E333-8FDC-42A3-9474-1A3956D46DE8}") = "testRecord", "testRecord", "{3A8EC77E-94B5-4D38-8D13-50D4AB3BD24C}"
EndProject
Project("{2150E333-8FDC-42A3-9474-1A3956D46DE8}") = "throttle", "throttle", "{85B9F247-D6E0-4F3C-9197-C01581F920AB}"
EndProject
Project("{FAE04EC0-301F-11D3-BF4B-00C04F79EFBC}") = "MvcThrottleDemo", "MvcThrottleDemo\MvcThrottleDemo.csproj", "{22505750-FF02-40C9-A4C4-8859288A4944}"
EndProject
Project("{FAE04EC0-301F-11D3-BF4B-00C04F79EFBC}") = "WebApiThrottleDemo", "WebApiThrottleDemo\WebApiThrottleDemo.csproj", "{5E684C94-7A36-44E3-9D87-C415D99FB134}"
EndProject
Project("{FAE04EC0-301F-11D3-BF4B-00C04F79EFBC}") = "ConsoleThrottleDemo", "ConsoleThrottleDemo\ConsoleThrottleDemo.csproj", "{514E64D4-8A7C-4FEE-BADC-DC76A052E5A9}"
EndProject
Project("{FAE04EC0-301F-11D3-BF4B-00C04F79EFBC}") = "WebApiCorsDemo", "WebApiCorsDemo\WebApiCorsDemo.csproj", "{CC77FC1F-A7FD-4743-B39F-ED42C75CD630}"
EndProject
Global
	GlobalSection(SolutionConfigurationPlatforms) = preSolution
		Debug|Any CPU = Debug|Any CPU
		Release|Any CPU = Release|Any CPU
	EndGlobalSection
	GlobalSection(ProjectConfigurationPlatforms) = postSolution
		{892ECDCD-813D-4087-89D0-7EC22CC5217A}.Debug|Any CPU.ActiveCfg = Debug|Any CPU
		{892ECDCD-813D-4087-89D0-7EC22CC5217A}.Debug|Any CPU.Build.0 = Debug|Any CPU
		{892ECDCD-813D-4087-89D0-7EC22CC5217A}.Release|Any CPU.ActiveCfg = Release|Any CPU
		{892ECDCD-813D-4087-89D0-7EC22CC5217A}.Release|Any CPU.Build.0 = Release|Any CPU
		{2042D4A3-4487-47AB-BE7D-8FE5E8E1C03C}.Debug|Any CPU.ActiveCfg = Debug|Any CPU
		{2042D4A3-4487-47AB-BE7D-8FE5E8E1C03C}.Debug|Any CPU.Build.0 = Debug|Any CPU
		{2042D4A3-4487-47AB-BE7D-8FE5E8E1C03C}.Release|Any CPU.ActiveCfg = Release|Any CPU
		{2042D4A3-4487-47AB-BE7D-8FE5E8E1C03C}.Release|Any CPU.Build.0 = Release|Any CPU
		{EA40BF1B-6041-415D-890B-4F02135E5C13}.Debug|Any CPU.ActiveCfg = Debug|Any CPU
		{EA40BF1B-6041-415D-890B-4F02135E5C13}.Debug|Any CPU.Build.0 = Debug|Any CPU
		{EA40BF1B-6041-415D-890B-4F02135E5C13}.Release|Any CPU.ActiveCfg = Release|Any CPU
		{EA40BF1B-6041-415D-890B-4F02135E5C13}.Release|Any CPU.Build.0 = Release|Any CPU
		{22505750-FF02-40C9-A4C4-8859288A4944}.Debug|Any CPU.ActiveCfg = Debug|Any CPU
		{22505750-FF02-40C9-A4C4-8859288A4944}.Debug|Any CPU.Build.0 = Debug|Any CPU
		{22505750-FF02-40C9-A4C4-8859288A4944}.Release|Any CPU.ActiveCfg = Release|Any CPU
		{22505750-FF02-40C9-A4C4-8859288A4944}.Release|Any CPU.Build.0 = Release|Any CPU
		{5E684C94-7A36-44E3-9D87-C415D99FB134}.Debug|Any CPU.ActiveCfg = Debug|Any CPU
		{5E684C94-7A36-44E3-9D87-C415D99FB134}.Debug|Any CPU.Build.0 = Debug|Any CPU
		{5E684C94-7A36-44E3-9D87-C415D99FB134}.Release|Any CPU.ActiveCfg = Release|Any CPU
		{5E684C94-7A36-44E3-9D87-C415D99FB134}.Release|Any CPU.Build.0 = Release|Any CPU
		{514E64D4-8A7C-4FEE-BADC-DC76A052E5A9}.Debug|Any CPU.ActiveCfg = Debug|Any CPU
		{514E64D4-8A7C-4FEE-BADC-DC76A052E5A9}.Debug|Any CPU.Build.0 = Debug|Any CPU
		{514E64D4-8A7C-4FEE-BADC-DC76A052E5A9}.Release|Any CPU.ActiveCfg = Release|Any CPU
		{514E64D4-8A7C-4FEE-BADC-DC76A052E5A9}.Release|Any CPU.Build.0 = Release|Any CPU
		{CC77FC1F-A7FD-4743-B39F-ED42C75CD630}.Debug|Any CPU.ActiveCfg = Debug|Any CPU
		{CC77FC1F-A7FD-4743-B39F-ED42C75CD630}.Debug|Any CPU.Build.0 = Debug|Any CPU
		{CC77FC1F-A7FD-4743-B39F-ED42C75CD630}.Release|Any CPU.ActiveCfg = Release|Any CPU
		{CC77FC1F-A7FD-4743-B39F-ED42C75CD630}.Release|Any CPU.Build.0 = Release|Any CPU
	EndGlobalSection
	GlobalSection(SolutionProperties) = preSolution
		HideSolutionNode = FALSE
	EndGlobalSection
	GlobalSection(NestedProjects) = preSolution
		{892ECDCD-813D-4087-89D0-7EC22CC5217A} = {C032714D-6F90-405B-8F3B-B47848B888EA}
		{2042D4A3-4487-47AB-BE7D-8FE5E8E1C03C} = {3E6915E3-2E78-432D-9FD9-E653FC1256E4}
		{EA40BF1B-6041-415D-890B-4F02135E5C13} = {3E6915E3-2E78-432D-9FD9-E653FC1256E4}
		{3A8EC77E-94B5-4D38-8D13-50D4AB3BD24C} = {A159DABE-85E8-4D9B-A6C6-2F11F819DCEB}
		{22505750-FF02-40C9-A4C4-8859288A4944} = {85B9F247-D6E0-4F3C-9197-C01581F920AB}
		{5E684C94-7A36-44E3-9D87-C415D99FB134} = {85B9F247-D6E0-4F3C-9197-C01581F920AB}
		{514E64D4-8A7C-4FEE-BADC-DC76A052E5A9} = {85B9F247-D6E0-4F3C-9197-C01581F920AB}
		{CC77FC1F-A7FD-4743-B39F-ED42C75CD630} = {85B9F247-D6E0-4F3C-9197-C01581F920AB}
	EndGlobalSection
	GlobalSection(ExtensibilityGlobals) = postSolution
		SolutionGuid = {5AAE70E5-21EC-409E-B152-983613618E60}
	EndGlobalSection
EndGlobal
